
Microsoft Visual Studio Solution File, Format Version 12.00
# Visual Studio Version 17
VisualStudioVersion = 17.4.33205.214
MinimumVisualStudioVersion = 10.0.40219.1
Project("{9A19103F-16F7-4668-BE54-9A1E7A4F7556}") = "aspnetcore-l20n-i18n.Api", "..\aspnetcore-l20n-i18n.Api\aspnetcore-l20n-i18n.Api.csproj", "{767A9B7A-3544-4C55-A9F8-6AD1EE51DA0B}"
	ProjectSection(ProjectDependencies) = postProject
		{8704D986-BDE7-48DB-B8E1-8AB8968E7FAC} = {8704D986-BDE7-48DB-B8E1-8AB8968E7FAC}
		{A9BDDABB-BE88-40F4-A9F0-ED4963F33C78} = {A9BDDABB-BE88-40F4-A9F0-ED4963F33C78}
	EndProjectSection
EndProject
Project("{9A19103F-16F7-4668-BE54-9A1E7A4F7556}") = "aspnetcore-l20n-i18n.Domain", "..\aspnetcore-l20n-i18n.Domain\aspnetcore-l20n-i18n.Domain.csproj", "{8704D986-BDE7-48DB-B8E1-8AB8968E7FAC}"
EndProject
Project("{9A19103F-16F7-4668-BE54-9A1E7A4F7556}") = "aspnetcore-l20n-i18n.Infrastructure", "..\aspnetcore-l20n-i18n.Infrastructure\aspnetcore-l20n-i18n.Infrastructure.csproj", "{A9BDDABB-BE88-40F4-A9F0-ED4963F33C78}"
EndProject
Project("{FAE04EC0-301F-11D3-BF4B-00C04F79EFBC}") = "aspnetcore-l20n-i18n.Services", "aspnetcore-l20n-i18n.Services\aspnetcore-l20n-i18n.Services.csproj", "{AB042E46-AF1A-4F9F-AEB3-9A714840D032}"
EndProject
Global
	GlobalSection(SolutionConfigurationPlatforms) = preSolution
		Debug|Any CPU = Debug|Any CPU
		Release|Any CPU = Release|Any CPU
	EndGlobalSection
	GlobalSection(ProjectConfigurationPlatforms) = postSolution
		{767A9B7A-3544-4C55-A9F8-6AD1EE51DA0B}.Debug|Any CPU.ActiveCfg = Debug|Any CPU
		{767A9B7A-3544-4C55-A9F8-6AD1EE51DA0B}.Debug|Any CPU.Build.0 = Debug|Any CPU
		{767A9B7A-3544-4C55-A9F8-6AD1EE51DA0B}.Release|Any CPU.ActiveCfg = Release|Any CPU
		{767A9B7A-3544-4C55-A9F8-6AD1EE51DA0B}.Release|Any CPU.Build.0 = Release|Any CPU
		{8704D986-BDE7-48DB-B8E1-8AB8968E7FAC}.Debug|Any CPU.ActiveCfg = Debug|Any CPU
		{8704D986-BDE7-48DB-B8E1-8AB8968E7FAC}.Debug|Any CPU.Build.0 = Debug|Any CPU
		{8704D986-BDE7-48DB-B8E1-8AB8968E7FAC}.Release|Any CPU.ActiveCfg = Release|Any CPU
		{8704D986-BDE7-48DB-B8E1-8AB8968E7FAC}.Release|Any CPU.Build.0 = Release|Any CPU
		{A9BDDABB-BE88-40F4-A9F0-ED4963F33C78}.Debug|Any CPU.ActiveCfg = Debug|Any CPU
		{A9BDDABB-BE88-40F4-A9F0-ED4963F33C78}.Debug|Any CPU.Build.0 = Debug|Any CPU
		{A9BDDABB-BE88-40F4-A9F0-ED4963F33C78}.Release|Any CPU.ActiveCfg = Release|Any CPU
		{A9BDDABB-BE88-40F4-A9F0-ED4963F33C78}.Release|Any CPU.Build.0 = Release|Any CPU
		{AB042E46-AF1A-4F9F-AEB3-9A714840D032}.Debug|Any CPU.ActiveCfg = Debug|Any CPU
		{AB042E46-AF1A-4F9F-AEB3-9A714840D032}.Debug|Any CPU.Build.0 = Debug|Any CPU
		{AB042E46-AF1A-4F9F-AEB3-9A714840D032}.Release|Any CPU.ActiveCfg = Release|Any CPU
		{AB042E46-AF1A-4F9F-AEB3-9A714840D032}.Release|Any CPU.Build.0 = Release|Any CPU
	EndGlobalSection
	GlobalSection(SolutionProperties) = preSolution
		HideSolutionNode = FALSE
	EndGlobalSection
	GlobalSection(ExtensibilityGlobals) = postSolution
		SolutionGuid = {6210BA18-B8A4-48ED-AD43-9D56C2D1F279}
	EndGlobalSection
EndGlobal
